// !$*UTF8*$!
{
	archiveVersion = 1;
	classes = {
	};
	objectVersion = 56;
	objects = {

/* Begin PBXBuildFile section */
		9C8EE3D12ACDCEDB00BA1950 /* News_ExplorerApp.swift in Sources */ = {isa = PBXBuildFile; fileRef = 9C8EE3D02ACDCEDB00BA1950 /* News_ExplorerApp.swift */; };
		9C8EE3D32ACDCEDB00BA1950 /* ContentView.swift in Sources */ = {isa = PBXBuildFile; fileRef = 9C8EE3D22ACDCEDB00BA1950 /* ContentView.swift */; };
		9C8EE3D52ACDCEDE00BA1950 /* Assets.xcassets in Resources */ = {isa = PBXBuildFile; fileRef = 9C8EE3D42ACDCEDE00BA1950 /* Assets.xcassets */; };
		9C8EE3D82ACDCEDE00BA1950 /* Preview Assets.xcassets in Resources */ = {isa = PBXBuildFile; fileRef = 9C8EE3D72ACDCEDE00BA1950 /* Preview Assets.xcassets */; };
		9C8EE3E42ACDE19100BA1950 /* SFPRODISPLAYREGULAR.OTF in Resources */ = {isa = PBXBuildFile; fileRef = 9C8EE3E12ACDE19100BA1950 /* SFPRODISPLAYREGULAR.OTF */; };
		9C8EE3E52ACDE19100BA1950 /* SFPRODISPLAYBOLD.OTF in Resources */ = {isa = PBXBuildFile; fileRef = 9C8EE3E22ACDE19100BA1950 /* SFPRODISPLAYBOLD.OTF */; };
		9C8EE3E62ACDE19100BA1950 /* SFPRODISPLAYMEDIUM.OTF in Resources */ = {isa = PBXBuildFile; fileRef = 9C8EE3E32ACDE19100BA1950 /* SFPRODISPLAYMEDIUM.OTF */; };
		9C8EE3E92ACDFD8C00BA1950 /* NewsDetailView.swift in Sources */ = {isa = PBXBuildFile; fileRef = 9C8EE3E82ACDFD8C00BA1950 /* NewsDetailView.swift */; };
		9C8EE3EF2ACE968200BA1950 /* BreakingNewsCell.swift in Sources */ = {isa = PBXBuildFile; fileRef = 9C8EE3EE2ACE968200BA1950 /* BreakingNewsCell.swift */; };
		9C8EE3F12ACE971900BA1950 /* CategoriesNewsCell.swift in Sources */ = {isa = PBXBuildFile; fileRef = 9C8EE3F02ACE971900BA1950 /* CategoriesNewsCell.swift */; };
		9C8EE3F32ACE97AA00BA1950 /* SearchBarView.swift in Sources */ = {isa = PBXBuildFile; fileRef = 9C8EE3F22ACE97AA00BA1950 /* SearchBarView.swift */; };
		9C8EE3F52ACE97E200BA1950 /* Extensions.swift in Sources */ = {isa = PBXBuildFile; fileRef = 9C8EE3F42ACE97E200BA1950 /* Extensions.swift */; };
		9C8EE3FF2ACE98E900BA1950 /* NewsAPI.swift in Sources */ = {isa = PBXBuildFile; fileRef = 9C8EE3FE2ACE98E900BA1950 /* NewsAPI.swift */; };
		9C8EE4022ACE993200BA1950 /* Article.swift in Sources */ = {isa = PBXBuildFile; fileRef = 9C8EE4012ACE993200BA1950 /* Article.swift */; };
		9C8EE4042ACE997D00BA1950 /* NewsAPIResponse.swift in Sources */ = {isa = PBXBuildFile; fileRef = 9C8EE4032ACE997D00BA1950 /* NewsAPIResponse.swift */; };
		9C8EE4062ACE99A200BA1950 /* Category.swift in Sources */ = {isa = PBXBuildFile; fileRef = 9C8EE4052ACE99A200BA1950 /* Category.swift */; };
		9C8EE4082ACE99C900BA1950 /* DataStore.swift in Sources */ = {isa = PBXBuildFile; fileRef = 9C8EE4072ACE99C900BA1950 /* DataStore.swift */; };
		9C91C64D2ACEBA4000F77641 /* ArticleStore.swift in Sources */ = {isa = PBXBuildFile; fileRef = 9C91C64C2ACEBA4000F77641 /* ArticleStore.swift */; };
/* End PBXBuildFile section */

/* Begin PBXFileReference section */
		9C8EE3CD2ACDCEDB00BA1950 /* News Explorer.app */ = {isa = PBXFileReference; explicitFileType = wrapper.application; includeInIndex = 0; path = "News Explorer.app"; sourceTree = BUILT_PRODUCTS_DIR; };
		9C8EE3D02ACDCEDB00BA1950 /* News_ExplorerApp.swift */ = {isa = PBXFileReference; lastKnownFileType = sourcecode.swift; path = News_ExplorerApp.swift; sourceTree = "<group>"; };
		9C8EE3D22ACDCEDB00BA1950 /* ContentView.swift */ = {isa = PBXFileReference; lastKnownFileType = sourcecode.swift; path = ContentView.swift; sourceTree = "<group>"; };
		9C8EE3D42ACDCEDE00BA1950 /* Assets.xcassets */ = {isa = PBXFileReference; lastKnownFileType = folder.assetcatalog; path = Assets.xcassets; sourceTree = "<group>"; };
		9C8EE3D72ACDCEDE00BA1950 /* Preview Assets.xcassets */ = {isa = PBXFileReference; lastKnownFileType = folder.assetcatalog; path = "Preview Assets.xcassets"; sourceTree = "<group>"; };
		9C8EE3E12ACDE19100BA1950 /* SFPRODISPLAYREGULAR.OTF */ = {isa = PBXFileReference; lastKnownFileType = file; path = SFPRODISPLAYREGULAR.OTF; sourceTree = "<group>"; };
		9C8EE3E22ACDE19100BA1950 /* SFPRODISPLAYBOLD.OTF */ = {isa = PBXFileReference; lastKnownFileType = file; path = SFPRODISPLAYBOLD.OTF; sourceTree = "<group>"; };
		9C8EE3E32ACDE19100BA1950 /* SFPRODISPLAYMEDIUM.OTF */ = {isa = PBXFileReference; lastKnownFileType = file; path = SFPRODISPLAYMEDIUM.OTF; sourceTree = "<group>"; };
		9C8EE3E72ACDE23200BA1950 /* News-Explorer-Info.plist */ = {isa = PBXFileReference; lastKnownFileType = text.plist; path = "News-Explorer-Info.plist"; sourceTree = SOURCE_ROOT; };
		9C8EE3E82ACDFD8C00BA1950 /* NewsDetailView.swift */ = {isa = PBXFileReference; lastKnownFileType = sourcecode.swift; path = NewsDetailView.swift; sourceTree = "<group>"; };
		9C8EE3EE2ACE968200BA1950 /* BreakingNewsCell.swift */ = {isa = PBXFileReference; lastKnownFileType = sourcecode.swift; path = BreakingNewsCell.swift; sourceTree = "<group>"; };
		9C8EE3F02ACE971900BA1950 /* CategoriesNewsCell.swift */ = {isa = PBXFileReference; lastKnownFileType = sourcecode.swift; path = CategoriesNewsCell.swift; sourceTree = "<group>"; };
		9C8EE3F22ACE97AA00BA1950 /* SearchBarView.swift */ = {isa = PBXFileReference; lastKnownFileType = sourcecode.swift; path = SearchBarView.swift; sourceTree = "<group>"; };
		9C8EE3F42ACE97E200BA1950 /* Extensions.swift */ = {isa = PBXFileReference; lastKnownFileType = sourcecode.swift; path = Extensions.swift; sourceTree = "<group>"; };
		9C8EE3FE2ACE98E900BA1950 /* NewsAPI.swift */ = {isa = PBXFileReference; lastKnownFileType = sourcecode.swift; path = NewsAPI.swift; sourceTree = "<group>"; };
		9C8EE4012ACE993200BA1950 /* Article.swift */ = {isa = PBXFileReference; lastKnownFileType = sourcecode.swift; path = Article.swift; sourceTree = "<group>"; };
		9C8EE4032ACE997D00BA1950 /* NewsAPIResponse.swift */ = {isa = PBXFileReference; lastKnownFileType = sourcecode.swift; path = NewsAPIResponse.swift; sourceTree = "<group>"; };
		9C8EE4052ACE99A200BA1950 /* Category.swift */ = {isa = PBXFileReference; lastKnownFileType = sourcecode.swift; path = Category.swift; sourceTree = "<group>"; };
		9C8EE4072ACE99C900BA1950 /* DataStore.swift */ = {isa = PBXFileReference; lastKnownFileType = sourcecode.swift; path = DataStore.swift; sourceTree = "<group>"; };
		9C91C64C2ACEBA4000F77641 /* ArticleStore.swift */ = {isa = PBXFileReference; lastKnownFileType = sourcecode.swift; path = ArticleStore.swift; sourceTree = "<group>"; };
/* End PBXFileReference section */

/* Begin PBXFrameworksBuildPhase section */
		9C8EE3CA2ACDCEDB00BA1950 /* Frameworks */ = {
			isa = PBXFrameworksBuildPhase;
			buildActionMask = 2147483647;
			files = (
			);
			runOnlyForDeploymentPostprocessing = 0;
		};
/* End PBXFrameworksBuildPhase section */

/* Begin PBXGroup section */
		9C8EE3C42ACDCEDB00BA1950 = {
			isa = PBXGroup;
			children = (
				9C8EE40A2ACE9B2100BA1950 /* Views */,
				9C8EE4092ACE9B0F00BA1950 /* Extensions */,
				9C8EE4002ACE991F00BA1950 /* Model */,
				9C8EE3FD2ACE98CD00BA1950 /* API */,
				9C8EE3E02ACDE11C00BA1950 /* Fonts */,
				9C8EE3CF2ACDCEDB00BA1950 /* News Explorer */,
				9C8EE3CE2ACDCEDB00BA1950 /* Products */,
			);
			sourceTree = "<group>";
		};
		9C8EE3CE2ACDCEDB00BA1950 /* Products */ = {
			isa = PBXGroup;
			children = (
				9C8EE3CD2ACDCEDB00BA1950 /* News Explorer.app */,
			);
			name = Products;
			sourceTree = "<group>";
		};
		9C8EE3CF2ACDCEDB00BA1950 /* News Explorer */ = {
			isa = PBXGroup;
			children = (
				9C8EE3E72ACDE23200BA1950 /* News-Explorer-Info.plist */,
				9C8EE3D02ACDCEDB00BA1950 /* News_ExplorerApp.swift */,
				9C8EE3D22ACDCEDB00BA1950 /* ContentView.swift */,
				9C8EE3D42ACDCEDE00BA1950 /* Assets.xcassets */,
				9C8EE3D62ACDCEDE00BA1950 /* Preview Content */,
			);
			path = "News Explorer";
			sourceTree = "<group>";
		};
		9C8EE3D62ACDCEDE00BA1950 /* Preview Content */ = {
			isa = PBXGroup;
			children = (
				9C8EE3D72ACDCEDE00BA1950 /* Preview Assets.xcassets */,
			);
			path = "Preview Content";
			sourceTree = "<group>";
		};
		9C8EE3E02ACDE11C00BA1950 /* Fonts */ = {
			isa = PBXGroup;
			children = (
				9C8EE3E22ACDE19100BA1950 /* SFPRODISPLAYBOLD.OTF */,
				9C8EE3E32ACDE19100BA1950 /* SFPRODISPLAYMEDIUM.OTF */,
				9C8EE3E12ACDE19100BA1950 /* SFPRODISPLAYREGULAR.OTF */,
			);
			path = Fonts;
			sourceTree = "<group>";
		};
		9C8EE3FD2ACE98CD00BA1950 /* API */ = {
			isa = PBXGroup;
			children = (
				9C8EE3FE2ACE98E900BA1950 /* NewsAPI.swift */,
			);
			path = API;
			sourceTree = "<group>";
		};
		9C8EE4002ACE991F00BA1950 /* Model */ = {
			isa = PBXGroup;
			children = (
				9C91C64C2ACEBA4000F77641 /* ArticleStore.swift */,
				9C8EE4012ACE993200BA1950 /* Article.swift */,
				9C8EE4032ACE997D00BA1950 /* NewsAPIResponse.swift */,
				9C8EE4052ACE99A200BA1950 /* Category.swift */,
				9C8EE4072ACE99C900BA1950 /* DataStore.swift */,
			);
			path = Model;
			sourceTree = "<group>";
		};
		9C8EE4092ACE9B0F00BA1950 /* Extensions */ = {
			isa = PBXGroup;
			children = (
				9C8EE3F42ACE97E200BA1950 /* Extensions.swift */,
			);
			path = Extensions;
			sourceTree = "<group>";
		};
		9C8EE40A2ACE9B2100BA1950 /* Views */ = {
			isa = PBXGroup;
			children = (
				9C8EE3E82ACDFD8C00BA1950 /* NewsDetailView.swift */,
				9C8EE3F22ACE97AA00BA1950 /* SearchBarView.swift */,
				9C8EE3F02ACE971900BA1950 /* CategoriesNewsCell.swift */,
				9C8EE3EE2ACE968200BA1950 /* BreakingNewsCell.swift */,
			);
			path = Views;
			sourceTree = "<group>";
		};
/* End PBXGroup section */

/* Begin PBXNativeTarget section */
		9C8EE3CC2ACDCEDB00BA1950 /* News Explorer */ = {
			isa = PBXNativeTarget;
			buildConfigurationList = 9C8EE3DB2ACDCEDE00BA1950 /* Build configuration list for PBXNativeTarget "News Explorer" */;
			buildPhases = (
				9C8EE3C92ACDCEDB00BA1950 /* Sources */,
				9C8EE3CA2ACDCEDB00BA1950 /* Frameworks */,
				9C8EE3CB2ACDCEDB00BA1950 /* Resources */,
			);
			buildRules = (
			);
			dependencies = (
			);
			name = "News Explorer";
			productName = "News Explorer";
			productReference = 9C8EE3CD2ACDCEDB00BA1950 /* News Explorer.app */;
			productType = "com.apple.product-type.application";
		};
/* End PBXNativeTarget section */

/* Begin PBXProject section */
		9C8EE3C52ACDCEDB00BA1950 /* Project object */ = {
			isa = PBXProject;
			attributes = {
				BuildIndependentTargetsInParallel = 1;
				LastSwiftUpdateCheck = 1500;
				LastUpgradeCheck = 1500;
				TargetAttributes = {
					9C8EE3CC2ACDCEDB00BA1950 = {
						CreatedOnToolsVersion = 15.0;
					};
				};
			};
			buildConfigurationList = 9C8EE3C82ACDCEDB00BA1950 /* Build configuration list for PBXProject "News Explorer" */;
			compatibilityVersion = "Xcode 14.0";
			developmentRegion = en;
			hasScannedForEncodings = 0;
			knownRegions = (
				en,
				Base,
			);
			mainGroup = 9C8EE3C42ACDCEDB00BA1950;
			productRefGroup = 9C8EE3CE2ACDCEDB00BA1950 /* Products */;
			projectDirPath = "";
			projectRoot = "";
			targets = (
				9C8EE3CC2ACDCEDB00BA1950 /* News Explorer */,
			);
		};
/* End PBXProject section */

/* Begin PBXResourcesBuildPhase section */
		9C8EE3CB2ACDCEDB00BA1950 /* Resources */ = {
			isa = PBXResourcesBuildPhase;
			buildActionMask = 2147483647;
			files = (
				9C8EE3E62ACDE19100BA1950 /* SFPRODISPLAYMEDIUM.OTF in Resources */,
				9C8EE3E52ACDE19100BA1950 /* SFPRODISPLAYBOLD.OTF in Resources */,
				9C8EE3D82ACDCEDE00BA1950 /* Preview Assets.xcassets in Resources */,
				9C8EE3E42ACDE19100BA1950 /* SFPRODISPLAYREGULAR.OTF in Resources */,
				9C8EE3D52ACDCEDE00BA1950 /* Assets.xcassets in Resources */,
			);
			runOnlyForDeploymentPostprocessing = 0;
		};
/* End PBXResourcesBuildPhase section */

/* Begin PBXSourcesBuildPhase section */
		9C8EE3C92ACDCEDB00BA1950 /* Sources */ = {
			isa = PBXSourcesBuildPhase;
			buildActionMask = 2147483647;
			files = (
				9C8EE4022ACE993200BA1950 /* Article.swift in Sources */,
				9C8EE4082ACE99C900BA1950 /* DataStore.swift in Sources */,
				9C8EE3F52ACE97E200BA1950 /* Extensions.swift in Sources */,
				9C91C64D2ACEBA4000F77641 /* ArticleStore.swift in Sources */,
				9C8EE4042ACE997D00BA1950 /* NewsAPIResponse.swift in Sources */,
				9C8EE3D32ACDCEDB00BA1950 /* ContentView.swift in Sources */,
				9C8EE3E92ACDFD8C00BA1950 /* NewsDetailView.swift in Sources */,
				9C8EE4062ACE99A200BA1950 /* Category.swift in Sources */,
				9C8EE3F32ACE97AA00BA1950 /* SearchBarView.swift in Sources */,
				9C8EE3F12ACE971900BA1950 /* CategoriesNewsCell.swift in Sources */,
				9C8EE3D12ACDCEDB00BA1950 /* News_ExplorerApp.swift in Sources */,
				9C8EE3EF2ACE968200BA1950 /* BreakingNewsCell.swift in Sources */,
				9C8EE3FF2ACE98E900BA1950 /* NewsAPI.swift in Sources */,
			);
			runOnlyForDeploymentPostprocessing = 0;
		};
/* End PBXSourcesBuildPhase section */

/* Begin XCBuildConfiguration section */
		9C8EE3D92ACDCEDE00BA1950 /* Debug */ = {
			isa = XCBuildConfiguration;
			buildSettings = {
				ALWAYS_SEARCH_USER_PATHS = NO;
				ASSETCATALOG_COMPILER_GENERATE_SWIFT_ASSET_SYMBOL_EXTENSIONS = YES;
				CLANG_ANALYZER_NONNULL = YES;
				CLANG_ANALYZER_NUMBER_OBJECT_CONVERSION = YES_AGGRESSIVE;
				CLANG_CXX_LANGUAGE_STANDARD = "gnu++20";
				CLANG_ENABLE_MODULES = YES;
				CLANG_ENABLE_OBJC_ARC = YES;
				CLANG_ENABLE_OBJC_WEAK = YES;
				CLANG_WARN_BLOCK_CAPTURE_AUTORELEASING = YES;
				CLANG_WARN_BOOL_CONVERSION = YES;
				CLANG_WARN_COMMA = YES;
				CLANG_WARN_CONSTANT_CONVERSION = YES;
				CLANG_WARN_DEPRECATED_OBJC_IMPLEMENTATIONS = YES;
				CLANG_WARN_DIRECT_OBJC_ISA_USAGE = YES_ERROR;
				CLANG_WARN_DOCUMENTATION_COMMENTS = YES;
				CLANG_WARN_EMPTY_BODY = YES;
				CLANG_WARN_ENUM_CONVERSION = YES;
				CLANG_WARN_INFINITE_RECURSION = YES;
				CLANG_WARN_INT_CONVERSION = YES;
				CLANG_WARN_NON_LITERAL_NULL_CONVERSION = YES;
				CLANG_WARN_OBJC_IMPLICIT_RETAIN_SELF = YES;
				CLANG_WARN_OBJC_LITERAL_CONVERSION = YES;
				CLANG_WARN_OBJC_ROOT_CLASS = YES_ERROR;
				CLANG_WARN_QUOTED_INCLUDE_IN_FRAMEWORK_HEADER = YES;
				CLANG_WARN_RANGE_LOOP_ANALYSIS = YES;
				CLANG_WARN_STRICT_PROTOTYPES = YES;
				CLANG_WARN_SUSPICIOUS_MOVE = YES;
				CLANG_WARN_UNGUARDED_AVAILABILITY = YES_AGGRESSIVE;
				CLANG_WARN_UNREACHABLE_CODE = YES;
				CLANG_WARN__DUPLICATE_METHOD_MATCH = YES;
				COPY_PHASE_STRIP = NO;
				DEBUG_INFORMATION_FORMAT = dwarf;
				ENABLE_STRICT_OBJC_MSGSEND = YES;
				ENABLE_TESTABILITY = YES;
				ENABLE_USER_SCRIPT_SANDBOXING = YES;
				GCC_C_LANGUAGE_STANDARD = gnu17;
				GCC_DYNAMIC_NO_PIC = NO;
				GCC_NO_COMMON_BLOCKS = YES;
				GCC_OPTIMIZATION_LEVEL = 0;
				GCC_PREPROCESSOR_DEFINITIONS = (
					"DEBUG=1",
					"$(inherited)",
				);
				GCC_WARN_64_TO_32_BIT_CONVERSION = YES;
				GCC_WARN_ABOUT_RETURN_TYPE = YES_ERROR;
				GCC_WARN_UNDECLARED_SELECTOR = YES;
				GCC_WARN_UNINITIALIZED_AUTOS = YES_AGGRESSIVE;
				GCC_WARN_UNUSED_FUNCTION = YES;
				GCC_WARN_UNUSED_VARIABLE = YES;
				IPHONEOS_DEPLOYMENT_TARGET = 17.0;
				LOCALIZATION_PREFERS_STRING_CATALOGS = YES;
				MTL_ENABLE_DEBUG_INFO = INCLUDE_SOURCE;
				MTL_FAST_MATH = YES;
				ONLY_ACTIVE_ARCH = YES;
				SDKROOT = iphoneos;
				SWIFT_ACTIVE_COMPILATION_CONDITIONS = "DEBUG $(inherited)";
				SWIFT_OPTIMIZATION_LEVEL = "-Onone";
			};
			name = Debug;
		};
		9C8EE3DA2ACDCEDE00BA1950 /* Release */ = {
			isa = XCBuildConfiguration;
			buildSettings = {
				ALWAYS_SEARCH_USER_PATHS = NO;
				ASSETCATALOG_COMPILER_GENERATE_SWIFT_ASSET_SYMBOL_EXTENSIONS = YES;
				CLANG_ANALYZER_NONNULL = YES;
				CLANG_ANALYZER_NUMBER_OBJECT_CONVERSION = YES_AGGRESSIVE;
				CLANG_CXX_LANGUAGE_STANDARD = "gnu++20";
				CLANG_ENABLE_MODULES = YES;
				CLANG_ENABLE_OBJC_ARC = YES;
				CLANG_ENABLE_OBJC_WEAK = YES;
				CLANG_WARN_BLOCK_CAPTURE_AUTORELEASING = YES;
				CLANG_WARN_BOOL_CONVERSION = YES;
				CLANG_WARN_COMMA = YES;
				CLANG_WARN_CONSTANT_CONVERSION = YES;
				CLANG_WARN_DEPRECATED_OBJC_IMPLEMENTATIONS = YES;
				CLANG_WARN_DIRECT_OBJC_ISA_USAGE = YES_ERROR;
				CLANG_WARN_DOCUMENTATION_COMMENTS = YES;
				CLANG_WARN_EMPTY_BODY = YES;
				CLANG_WARN_ENUM_CONVERSION = YES;
				CLANG_WARN_INFINITE_RECURSION = YES;
				CLANG_WARN_INT_CONVERSION = YES;
				CLANG_WARN_NON_LITERAL_NULL_CONVERSION = YES;
				CLANG_WARN_OBJC_IMPLICIT_RETAIN_SELF = YES;
				CLANG_WARN_OBJC_LITERAL_CONVERSION = YES;
				CLANG_WARN_OBJC_ROOT_CLASS = YES_ERROR;
				CLANG_WARN_QUOTED_INCLUDE_IN_FRAMEWORK_HEADER = YES;
				CLANG_WARN_RANGE_LOOP_ANALYSIS = YES;
				CLANG_WARN_STRICT_PROTOTYPES = YES;
				CLANG_WARN_SUSPICIOUS_MOVE = YES;
				CLANG_WARN_UNGUARDED_AVAILABILITY = YES_AGGRESSIVE;
				CLANG_WARN_UNREACHABLE_CODE = YES;
				CLANG_WARN__DUPLICATE_METHOD_MATCH = YES;
				COPY_PHASE_STRIP = NO;
				DEBUG_INFORMATION_FORMAT = "dwarf-with-dsym";
				ENABLE_NS_ASSERTIONS = NO;
				ENABLE_STRICT_OBJC_MSGSEND = YES;
				ENABLE_USER_SCRIPT_SANDBOXING = YES;
				GCC_C_LANGUAGE_STANDARD = gnu17;
				GCC_NO_COMMON_BLOCKS = YES;
				GCC_WARN_64_TO_32_BIT_CONVERSION = YES;
				GCC_WARN_ABOUT_RETURN_TYPE = YES_ERROR;
				GCC_WARN_UNDECLARED_SELECTOR = YES;
				GCC_WARN_UNINITIALIZED_AUTOS = YES_AGGRESSIVE;
				GCC_WARN_UNUSED_FUNCTION = YES;
				GCC_WARN_UNUSED_VARIABLE = YES;
				IPHONEOS_DEPLOYMENT_TARGET = 17.0;
				LOCALIZATION_PREFERS_STRING_CATALOGS = YES;
				MTL_ENABLE_DEBUG_INFO = NO;
				MTL_FAST_MATH = YES;
				SDKROOT = iphoneos;
				SWIFT_COMPILATION_MODE = wholemodule;
				VALIDATE_PRODUCT = YES;
			};
			name = Release;
		};
		9C8EE3DC2ACDCEDE00BA1950 /* Debug */ = {
			isa = XCBuildConfiguration;
			buildSettings = {
				ASSETCATALOG_COMPILER_APPICON_NAME = AppIcon;
				ASSETCATALOG_COMPILER_GLOBAL_ACCENT_COLOR_NAME = AccentColor;
				CODE_SIGN_STYLE = Automatic;
				CURRENT_PROJECT_VERSION = 1;
				DEVELOPMENT_ASSET_PATHS = "\"News Explorer/Preview Content\"";
				ENABLE_PREVIEWS = YES;
				GENERATE_INFOPLIST_FILE = YES;
				INFOPLIST_FILE = "News-Explorer-Info.plist";
				INFOPLIST_KEY_UIApplicationSceneManifest_Generation = YES;
				INFOPLIST_KEY_UIApplicationSupportsIndirectInputEvents = YES;
				INFOPLIST_KEY_UILaunchScreen_Generation = YES;
				INFOPLIST_KEY_UISupportedInterfaceOrientations = UIInterfaceOrientationPortrait;
				IPHONEOS_DEPLOYMENT_TARGET = 15.0;
				LD_RUNPATH_SEARCH_PATHS = (
					"$(inherited)",
					"@executable_path/Frameworks",
				);
				MARKETING_VERSION = 1.0;
				PRODUCT_BUNDLE_IDENTIFIER = "com.cartel.News-Explorer";
				PRODUCT_NAME = "$(TARGET_NAME)";
				SUPPORTED_PLATFORMS = "iphoneos iphonesimulator";
				SUPPORTS_MACCATALYST = NO;
				SUPPORTS_MAC_DESIGNED_FOR_IPHONE_IPAD = NO;
				SWIFT_EMIT_LOC_STRINGS = YES;
				SWIFT_VERSION = 5.0;
				TARGETED_DEVICE_FAMILY = 1;
			};
			name = Debug;
		};
		9C8EE3DD2ACDCEDE00BA1950 /* Release */ = {
			isa = XCBuildConfiguration;
			buildSettings = {
				ASSETCATALOG_COMPILER_APPICON_NAME = AppIcon;
				ASSETCATALOG_COMPILER_GLOBAL_ACCENT_COLOR_NAME = AccentColor;
				CODE_SIGN_STYLE = Automatic;
				CURRENT_PROJECT_VERSION = 1;
				DEVELOPMENT_ASSET_PATHS = "\"News Explorer/Preview Content\"";
				ENABLE_PREVIEWS = YES;
				GENERATE_INFOPLIST_FILE = YES;
				INFOPLIST_FILE = "News-Explorer-Info.plist";
				INFOPLIST_KEY_UIApplicationSceneManifest_Generation = YES;
				INFOPLIST_KEY_UIApplicationSupportsIndirectInputEvents = YES;
				INFOPLIST_KEY_UILaunchScreen_Generation = YES;
				INFOPLIST_KEY_UISupportedInterfaceOrientations = UIInterfaceOrientationPortrait;
				IPHONEOS_DEPLOYMENT_TARGET = 15.0;
				LD_RUNPATH_SEARCH_PATHS = (
					"$(inherited)",
					"@executable_path/Frameworks",
				);
				MARKETING_VERSION = 1.0;
				PRODUCT_BUNDLE_IDENTIFIER = "com.cartel.News-Explorer";
				PRODUCT_NAME = "$(TARGET_NAME)";
				SUPPORTED_PLATFORMS = "iphoneos iphonesimulator";
				SUPPORTS_MACCATALYST = NO;
				SUPPORTS_MAC_DESIGNED_FOR_IPHONE_IPAD = NO;
				SWIFT_EMIT_LOC_STRINGS = YES;
				SWIFT_VERSION = 5.0;
				TARGETED_DEVICE_FAMILY = 1;
			};
			name = Release;
		};
/* End XCBuildConfiguration section */

/* Begin XCConfigurationList section */
		9C8EE3C82ACDCEDB00BA1950 /* Build configuration list for PBXProject "News Explorer" */ = {
			isa = XCConfigurationList;
			buildConfigurations = (
				9C8EE3D92ACDCEDE00BA1950 /* Debug */,
				9C8EE3DA2ACDCEDE00BA1950 /* Release */,
			);
			defaultConfigurationIsVisible = 0;
			defaultConfigurationName = Release;
		};
		9C8EE3DB2ACDCEDE00BA1950 /* Build configuration list for PBXNativeTarget "News Explorer" */ = {
			isa = XCConfigurationList;
			buildConfigurations = (
				9C8EE3DC2ACDCEDE00BA1950 /* Debug */,
				9C8EE3DD2ACDCEDE00BA1950 /* Release */,
			);
			defaultConfigurationIsVisible = 0;
			defaultConfigurationName = Release;
		};
/* End XCConfigurationList section */
	};
	rootObject = 9C8EE3C52ACDCEDB00BA1950 /* Project object */;
}
