// !$*UTF8*$!
{
	archiveVersion = 1;
	classes = {
	};
	objectVersion = 55;
	objects = {

/* Begin PBXBuildFile section */
		9C98759C28EB3E1C0063BF30 /* AppDelegate.swift in Sources */ = {isa = PBXBuildFile; fileRef = 9C98759B28EB3E1C0063BF30 /* AppDelegate.swift */; };
		9C98759E28EB3E1C0063BF30 /* SceneDelegate.swift in Sources */ = {isa = PBXBuildFile; fileRef = 9C98759D28EB3E1C0063BF30 /* SceneDelegate.swift */; };
		9C9875A028EB3E1C0063BF30 /* AllArticlesViewController.swift in Sources */ = {isa = PBXBuildFile; fileRef = 9C98759F28EB3E1C0063BF30 /* AllArticlesViewController.swift */; };
		9C9875A328EB3E1C0063BF30 /* Main.storyboard in Resources */ = {isa = PBXBuildFile; fileRef = 9C9875A128EB3E1C0063BF30 /* Main.storyboard */; };
		9C9875A528EB3E1C0063BF30 /* Assets.xcassets in Resources */ = {isa = PBXBuildFile; fileRef = 9C9875A428EB3E1C0063BF30 /* Assets.xcassets */; };
		9C9875A828EB3E1C0063BF30 /* LaunchScreen.storyboard in Resources */ = {isa = PBXBuildFile; fileRef = 9C9875A628EB3E1C0063BF30 /* LaunchScreen.storyboard */; };
		9C9875B028EB418A0063BF30 /* ArticleDetailsViewController.swift in Sources */ = {isa = PBXBuildFile; fileRef = 9C9875AF28EB418A0063BF30 /* ArticleDetailsViewController.swift */; };
		9C9875B228EB46C50063BF30 /* NetworkManager.swift in Sources */ = {isa = PBXBuildFile; fileRef = 9C9875B128EB46C50063BF30 /* NetworkManager.swift */; };
		9C9875B428EB476D0063BF30 /* Model.swift in Sources */ = {isa = PBXBuildFile; fileRef = 9C9875B328EB476D0063BF30 /* Model.swift */; };
		9C9875C228EB55660063BF30 /* AllArticleTableViewCell.swift in Sources */ = {isa = PBXBuildFile; fileRef = 9C9875C128EB55660063BF30 /* AllArticleTableViewCell.swift */; };
		9C9875C628EC44690063BF30 /* UIImageView+Extension.swift in Sources */ = {isa = PBXBuildFile; fileRef = 9C9875C528EC44690063BF30 /* UIImageView+Extension.swift */; };
		9C9875CB28EC65850063BF30 /* ArticleDetailsTableViewCell.swift in Sources */ = {isa = PBXBuildFile; fileRef = 9C9875C928EC65850063BF30 /* ArticleDetailsTableViewCell.swift */; };
		9C9875CC28EC65850063BF30 /* ArticleDetailsTableViewCell.xib in Resources */ = {isa = PBXBuildFile; fileRef = 9C9875CA28EC65850063BF30 /* ArticleDetailsTableViewCell.xib */; };
/* End PBXBuildFile section */

/* Begin PBXFileReference section */
		9C98759828EB3E1C0063BF30 /* NewsExplorer.app */ = {isa = PBXFileReference; explicitFileType = wrapper.application; includeInIndex = 0; path = NewsExplorer.app; sourceTree = BUILT_PRODUCTS_DIR; };
		9C98759B28EB3E1C0063BF30 /* AppDelegate.swift */ = {isa = PBXFileReference; lastKnownFileType = sourcecode.swift; path = AppDelegate.swift; sourceTree = "<group>"; };
		9C98759D28EB3E1C0063BF30 /* SceneDelegate.swift */ = {isa = PBXFileReference; lastKnownFileType = sourcecode.swift; path = SceneDelegate.swift; sourceTree = "<group>"; };
		9C98759F28EB3E1C0063BF30 /* AllArticlesViewController.swift */ = {isa = PBXFileReference; lastKnownFileType = sourcecode.swift; path = AllArticlesViewController.swift; sourceTree = "<group>"; };
		9C9875A228EB3E1C0063BF30 /* Base */ = {isa = PBXFileReference; lastKnownFileType = file.storyboard; name = Base; path = Base.lproj/Main.storyboard; sourceTree = "<group>"; };
		9C9875A428EB3E1C0063BF30 /* Assets.xcassets */ = {isa = PBXFileReference; lastKnownFileType = folder.assetcatalog; path = Assets.xcassets; sourceTree = "<group>"; };
		9C9875A728EB3E1C0063BF30 /* Base */ = {isa = PBXFileReference; lastKnownFileType = file.storyboard; name = Base; path = Base.lproj/LaunchScreen.storyboard; sourceTree = "<group>"; };
		9C9875A928EB3E1C0063BF30 /* Info.plist */ = {isa = PBXFileReference; lastKnownFileType = text.plist.xml; path = Info.plist; sourceTree = "<group>"; };
		9C9875AF28EB418A0063BF30 /* ArticleDetailsViewController.swift */ = {isa = PBXFileReference; lastKnownFileType = sourcecode.swift; path = ArticleDetailsViewController.swift; sourceTree = "<group>"; };
		9C9875B128EB46C50063BF30 /* NetworkManager.swift */ = {isa = PBXFileReference; lastKnownFileType = sourcecode.swift; path = NetworkManager.swift; sourceTree = "<group>"; };
		9C9875B328EB476D0063BF30 /* Model.swift */ = {isa = PBXFileReference; lastKnownFileType = sourcecode.swift; path = Model.swift; sourceTree = "<group>"; };
		9C9875C128EB55660063BF30 /* AllArticleTableViewCell.swift */ = {isa = PBXFileReference; lastKnownFileType = sourcecode.swift; path = AllArticleTableViewCell.swift; sourceTree = "<group>"; };
		9C9875C528EC44690063BF30 /* UIImageView+Extension.swift */ = {isa = PBXFileReference; lastKnownFileType = sourcecode.swift; path = "UIImageView+Extension.swift"; sourceTree = "<group>"; };
		9C9875C928EC65850063BF30 /* ArticleDetailsTableViewCell.swift */ = {isa = PBXFileReference; lastKnownFileType = sourcecode.swift; path = ArticleDetailsTableViewCell.swift; sourceTree = "<group>"; };
		9C9875CA28EC65850063BF30 /* ArticleDetailsTableViewCell.xib */ = {isa = PBXFileReference; lastKnownFileType = file.xib; path = ArticleDetailsTableViewCell.xib; sourceTree = "<group>"; };
/* End PBXFileReference section */

/* Begin PBXFrameworksBuildPhase section */
		9C98759528EB3E1C0063BF30 /* Frameworks */ = {
			isa = PBXFrameworksBuildPhase;
			buildActionMask = 2147483647;
			files = (
			);
			runOnlyForDeploymentPostprocessing = 0;
		};
/* End PBXFrameworksBuildPhase section */

/* Begin PBXGroup section */
		9C98758F28EB3E1B0063BF30 = {
			isa = PBXGroup;
			children = (
				9C98759A28EB3E1C0063BF30 /* NewsExplorer */,
				9C98759928EB3E1C0063BF30 /* Products */,
			);
			sourceTree = "<group>";
		};
		9C98759928EB3E1C0063BF30 /* Products */ = {
			isa = PBXGroup;
			children = (
				9C98759828EB3E1C0063BF30 /* NewsExplorer.app */,
			);
			name = Products;
			sourceTree = "<group>";
		};
		9C98759A28EB3E1C0063BF30 /* NewsExplorer */ = {
			isa = PBXGroup;
			children = (
				9C9875B528EB4F020063BF30 /* Networking */,
				9C9875B628EB4F360063BF30 /* Controllers */,
				9C9875BD28EB52390063BF30 /* Views */,
				9C98759B28EB3E1C0063BF30 /* AppDelegate.swift */,
				9C98759D28EB3E1C0063BF30 /* SceneDelegate.swift */,
				9C9875A128EB3E1C0063BF30 /* Main.storyboard */,
				9C9875A428EB3E1C0063BF30 /* Assets.xcassets */,
				9C9875A628EB3E1C0063BF30 /* LaunchScreen.storyboard */,
				9C9875A928EB3E1C0063BF30 /* Info.plist */,
			);
			path = NewsExplorer;
			sourceTree = "<group>";
		};
		9C9875B528EB4F020063BF30 /* Networking */ = {
			isa = PBXGroup;
			children = (
				9C9875C528EC44690063BF30 /* UIImageView+Extension.swift */,
				9C9875B128EB46C50063BF30 /* NetworkManager.swift */,
				9C9875B328EB476D0063BF30 /* Model.swift */,
			);
			path = Networking;
			sourceTree = "<group>";
		};
		9C9875B628EB4F360063BF30 /* Controllers */ = {
			isa = PBXGroup;
			children = (
				9C98759F28EB3E1C0063BF30 /* AllArticlesViewController.swift */,
				9C9875AF28EB418A0063BF30 /* ArticleDetailsViewController.swift */,
			);
			path = Controllers;
			sourceTree = "<group>";
		};
		9C9875BD28EB52390063BF30 /* Views */ = {
			isa = PBXGroup;
			children = (
				9C9875BE28EB52430063BF30 /* Cells */,
			);
			path = Views;
			sourceTree = "<group>";
		};
		9C9875BE28EB52430063BF30 /* Cells */ = {
			isa = PBXGroup;
			children = (
				9C9875C128EB55660063BF30 /* AllArticleTableViewCell.swift */,
				9C9875C928EC65850063BF30 /* ArticleDetailsTableViewCell.swift */,
				9C9875CA28EC65850063BF30 /* ArticleDetailsTableViewCell.xib */,
			);
			path = Cells;
			sourceTree = "<group>";
		};
/* End PBXGroup section */

/* Begin PBXNativeTarget section */
		9C98759728EB3E1C0063BF30 /* NewsExplorer */ = {
			isa = PBXNativeTarget;
			buildConfigurationList = 9C9875AC28EB3E1C0063BF30 /* Build configuration list for PBXNativeTarget "NewsExplorer" */;
			buildPhases = (
				9C98759428EB3E1C0063BF30 /* Sources */,
				9C98759528EB3E1C0063BF30 /* Frameworks */,
				9C98759628EB3E1C0063BF30 /* Resources */,
			);
			buildRules = (
			);
			dependencies = (
			);
			name = NewsExplorer;
			productName = NewsExplorer;
			productReference = 9C98759828EB3E1C0063BF30 /* NewsExplorer.app */;
			productType = "com.apple.product-type.application";
		};
/* End PBXNativeTarget section */

/* Begin PBXProject section */
		9C98759028EB3E1B0063BF30 /* Project object */ = {
			isa = PBXProject;
			attributes = {
				BuildIndependentTargetsInParallel = 1;
				LastSwiftUpdateCheck = 1340;
				LastUpgradeCheck = 1340;
				TargetAttributes = {
					9C98759728EB3E1C0063BF30 = {
						CreatedOnToolsVersion = 13.4.1;
					};
				};
			};
			buildConfigurationList = 9C98759328EB3E1B0063BF30 /* Build configuration list for PBXProject "NewsExplorer" */;
			compatibilityVersion = "Xcode 13.0";
			developmentRegion = en;
			hasScannedForEncodings = 0;
			knownRegions = (
				en,
				Base,
			);
			mainGroup = 9C98758F28EB3E1B0063BF30;
			productRefGroup = 9C98759928EB3E1C0063BF30 /* Products */;
			projectDirPath = "";
			projectRoot = "";
			targets = (
				9C98759728EB3E1C0063BF30 /* NewsExplorer */,
			);
		};
/* End PBXProject section */

/* Begin PBXResourcesBuildPhase section */
		9C98759628EB3E1C0063BF30 /* Resources */ = {
			isa = PBXResourcesBuildPhase;
			buildActionMask = 2147483647;
			files = (
				9C9875A828EB3E1C0063BF30 /* LaunchScreen.storyboard in Resources */,
				9C9875CC28EC65850063BF30 /* ArticleDetailsTableViewCell.xib in Resources */,
				9C9875A528EB3E1C0063BF30 /* Assets.xcassets in Resources */,
				9C9875A328EB3E1C0063BF30 /* Main.storyboard in Resources */,
			);
			runOnlyForDeploymentPostprocessing = 0;
		};
/* End PBXResourcesBuildPhase section */

/* Begin PBXSourcesBuildPhase section */
		9C98759428EB3E1C0063BF30 /* Sources */ = {
			isa = PBXSourcesBuildPhase;
			buildActionMask = 2147483647;
			files = (
				9C9875CB28EC65850063BF30 /* ArticleDetailsTableViewCell.swift in Sources */,
				9C9875A028EB3E1C0063BF30 /* AllArticlesViewController.swift in Sources */,
				9C98759C28EB3E1C0063BF30 /* AppDelegate.swift in Sources */,
				9C9875C628EC44690063BF30 /* UIImageView+Extension.swift in Sources */,
				9C9875B228EB46C50063BF30 /* NetworkManager.swift in Sources */,
				9C9875B428EB476D0063BF30 /* Model.swift in Sources */,
				9C9875B028EB418A0063BF30 /* ArticleDetailsViewController.swift in Sources */,
				9C9875C228EB55660063BF30 /* AllArticleTableViewCell.swift in Sources */,
				9C98759E28EB3E1C0063BF30 /* SceneDelegate.swift in Sources */,
			);
			runOnlyForDeploymentPostprocessing = 0;
		};
/* End PBXSourcesBuildPhase section */

/* Begin PBXVariantGroup section */
		9C9875A128EB3E1C0063BF30 /* Main.storyboard */ = {
			isa = PBXVariantGroup;
			children = (
				9C9875A228EB3E1C0063BF30 /* Base */,
			);
			name = Main.storyboard;
			sourceTree = "<group>";
		};
		9C9875A628EB3E1C0063BF30 /* LaunchScreen.storyboard */ = {
			isa = PBXVariantGroup;
			children = (
				9C9875A728EB3E1C0063BF30 /* Base */,
			);
			name = LaunchScreen.storyboard;
			sourceTree = "<group>";
		};
/* End PBXVariantGroup section */

/* Begin XCBuildConfiguration section */
		9C9875AA28EB3E1C0063BF30 /* Debug */ = {
			isa = XCBuildConfiguration;
			buildSettings = {
				ALWAYS_SEARCH_USER_PATHS = NO;
				CLANG_ANALYZER_NONNULL = YES;
				CLANG_ANALYZER_NUMBER_OBJECT_CONVERSION = YES_AGGRESSIVE;
				CLANG_CXX_LANGUAGE_STANDARD = "gnu++17";
				CLANG_ENABLE_MODULES = YES;
				CLANG_ENABLE_OBJC_ARC = YES;
				CLANG_ENABLE_OBJC_WEAK = YES;
				CLANG_WARN_BLOCK_CAPTURE_AUTORELEASING = YES;
				CLANG_WARN_BOOL_CONVERSION = YES;
				CLANG_WARN_COMMA = YES;
				CLANG_WARN_CONSTANT_CONVERSION = YES;
				CLANG_WARN_DEPRECATED_OBJC_IMPLEMENTATIONS = YES;
				CLANG_WARN_DIRECT_OBJC_ISA_USAGE = YES_ERROR;
				CLANG_WARN_DOCUMENTATION_COMMENTS = YES;
				CLANG_WARN_EMPTY_BODY = YES;
				CLANG_WARN_ENUM_CONVERSION = YES;
				CLANG_WARN_INFINITE_RECURSION = YES;
				CLANG_WARN_INT_CONVERSION = YES;
				CLANG_WARN_NON_LITERAL_NULL_CONVERSION = YES;
				CLANG_WARN_OBJC_IMPLICIT_RETAIN_SELF = YES;
				CLANG_WARN_OBJC_LITERAL_CONVERSION = YES;
				CLANG_WARN_OBJC_ROOT_CLASS = YES_ERROR;
				CLANG_WARN_QUOTED_INCLUDE_IN_FRAMEWORK_HEADER = YES;
				CLANG_WARN_RANGE_LOOP_ANALYSIS = YES;
				CLANG_WARN_STRICT_PROTOTYPES = YES;
				CLANG_WARN_SUSPICIOUS_MOVE = YES;
				CLANG_WARN_UNGUARDED_AVAILABILITY = YES_AGGRESSIVE;
				CLANG_WARN_UNREACHABLE_CODE = YES;
				CLANG_WARN__DUPLICATE_METHOD_MATCH = YES;
				COPY_PHASE_STRIP = NO;
				DEBUG_INFORMATION_FORMAT = dwarf;
				ENABLE_STRICT_OBJC_MSGSEND = YES;
				ENABLE_TESTABILITY = YES;
				GCC_C_LANGUAGE_STANDARD = gnu11;
				GCC_DYNAMIC_NO_PIC = NO;
				GCC_NO_COMMON_BLOCKS = YES;
				GCC_OPTIMIZATION_LEVEL = 0;
				GCC_PREPROCESSOR_DEFINITIONS = (
					"DEBUG=1",
					"$(inherited)",
				);
				GCC_WARN_64_TO_32_BIT_CONVERSION = YES;
				GCC_WARN_ABOUT_RETURN_TYPE = YES_ERROR;
				GCC_WARN_UNDECLARED_SELECTOR = YES;
				GCC_WARN_UNINITIALIZED_AUTOS = YES_AGGRESSIVE;
				GCC_WARN_UNUSED_FUNCTION = YES;
				GCC_WARN_UNUSED_VARIABLE = YES;
				IPHONEOS_DEPLOYMENT_TARGET = 15.5;
				MTL_ENABLE_DEBUG_INFO = INCLUDE_SOURCE;
				MTL_FAST_MATH = YES;
				ONLY_ACTIVE_ARCH = YES;
				SDKROOT = iphoneos;
				SWIFT_ACTIVE_COMPILATION_CONDITIONS = DEBUG;
				SWIFT_OPTIMIZATION_LEVEL = "-Onone";
			};
			name = Debug;
		};
		9C9875AB28EB3E1C0063BF30 /* Release */ = {
			isa = XCBuildConfiguration;
			buildSettings = {
				ALWAYS_SEARCH_USER_PATHS = NO;
				CLANG_ANALYZER_NONNULL = YES;
				CLANG_ANALYZER_NUMBER_OBJECT_CONVERSION = YES_AGGRESSIVE;
				CLANG_CXX_LANGUAGE_STANDARD = "gnu++17";
				CLANG_ENABLE_MODULES = YES;
				CLANG_ENABLE_OBJC_ARC = YES;
				CLANG_ENABLE_OBJC_WEAK = YES;
				CLANG_WARN_BLOCK_CAPTURE_AUTORELEASING = YES;
				CLANG_WARN_BOOL_CONVERSION = YES;
				CLANG_WARN_COMMA = YES;
				CLANG_WARN_CONSTANT_CONVERSION = YES;
				CLANG_WARN_DEPRECATED_OBJC_IMPLEMENTATIONS = YES;
				CLANG_WARN_DIRECT_OBJC_ISA_USAGE = YES_ERROR;
				CLANG_WARN_DOCUMENTATION_COMMENTS = YES;
				CLANG_WARN_EMPTY_BODY = YES;
				CLANG_WARN_ENUM_CONVERSION = YES;
				CLANG_WARN_INFINITE_RECURSION = YES;
				CLANG_WARN_INT_CONVERSION = YES;
				CLANG_WARN_NON_LITERAL_NULL_CONVERSION = YES;
				CLANG_WARN_OBJC_IMPLICIT_RETAIN_SELF = YES;
				CLANG_WARN_OBJC_LITERAL_CONVERSION = YES;
				CLANG_WARN_OBJC_ROOT_CLASS = YES_ERROR;
				CLANG_WARN_QUOTED_INCLUDE_IN_FRAMEWORK_HEADER = YES;
				CLANG_WARN_RANGE_LOOP_ANALYSIS = YES;
				CLANG_WARN_STRICT_PROTOTYPES = YES;
				CLANG_WARN_SUSPICIOUS_MOVE = YES;
				CLANG_WARN_UNGUARDED_AVAILABILITY = YES_AGGRESSIVE;
				CLANG_WARN_UNREACHABLE_CODE = YES;
				CLANG_WARN__DUPLICATE_METHOD_MATCH = YES;
				COPY_PHASE_STRIP = NO;
				DEBUG_INFORMATION_FORMAT = "dwarf-with-dsym";
				ENABLE_NS_ASSERTIONS = NO;
				ENABLE_STRICT_OBJC_MSGSEND = YES;
				GCC_C_LANGUAGE_STANDARD = gnu11;
				GCC_NO_COMMON_BLOCKS = YES;
				GCC_WARN_64_TO_32_BIT_CONVERSION = YES;
				GCC_WARN_ABOUT_RETURN_TYPE = YES_ERROR;
				GCC_WARN_UNDECLARED_SELECTOR = YES;
				GCC_WARN_UNINITIALIZED_AUTOS = YES_AGGRESSIVE;
				GCC_WARN_UNUSED_FUNCTION = YES;
				GCC_WARN_UNUSED_VARIABLE = YES;
				IPHONEOS_DEPLOYMENT_TARGET = 15.5;
				MTL_ENABLE_DEBUG_INFO = NO;
				MTL_FAST_MATH = YES;
				SDKROOT = iphoneos;
				SWIFT_COMPILATION_MODE = wholemodule;
				SWIFT_OPTIMIZATION_LEVEL = "-O";
				VALIDATE_PRODUCT = YES;
			};
			name = Release;
		};
		9C9875AD28EB3E1C0063BF30 /* Debug */ = {
			isa = XCBuildConfiguration;
			buildSettings = {
				ASSETCATALOG_COMPILER_APPICON_NAME = AppIcon;
				ASSETCATALOG_COMPILER_GLOBAL_ACCENT_COLOR_NAME = AccentColor;
				CODE_SIGN_STYLE = Automatic;
				CURRENT_PROJECT_VERSION = 1;
				GENERATE_INFOPLIST_FILE = YES;
				INFOPLIST_FILE = NewsExplorer/Info.plist;
				INFOPLIST_KEY_UIApplicationSupportsIndirectInputEvents = YES;
				INFOPLIST_KEY_UILaunchStoryboardName = LaunchScreen;
				INFOPLIST_KEY_UIMainStoryboardFile = Main;
				INFOPLIST_KEY_UISupportedInterfaceOrientations = UIInterfaceOrientationPortrait;
				INFOPLIST_KEY_UISupportedInterfaceOrientations_iPad = "UIInterfaceOrientationPortrait UIInterfaceOrientationPortraitUpsideDown UIInterfaceOrientationLandscapeLeft UIInterfaceOrientationLandscapeRight";
				INFOPLIST_KEY_UISupportedInterfaceOrientations_iPhone = "UIInterfaceOrientationPortrait UIInterfaceOrientationLandscapeLeft UIInterfaceOrientationLandscapeRight";
				IPHONEOS_DEPLOYMENT_TARGET = 15.0;
				LD_RUNPATH_SEARCH_PATHS = (
					"$(inherited)",
					"@executable_path/Frameworks",
				);
				MARKETING_VERSION = 1.0;
				PRODUCT_BUNDLE_IDENTIFIER = com.cartel.NewsExplorer;
				PRODUCT_NAME = "$(TARGET_NAME)";
				SWIFT_EMIT_LOC_STRINGS = YES;
				SWIFT_VERSION = 5.0;
				TARGETED_DEVICE_FAMILY = 1;
			};
			name = Debug;
		};
		9C9875AE28EB3E1C0063BF30 /* Release */ = {
			isa = XCBuildConfiguration;
			buildSettings = {
				ASSETCATALOG_COMPILER_APPICON_NAME = AppIcon;
				ASSETCATALOG_COMPILER_GLOBAL_ACCENT_COLOR_NAME = AccentColor;
				CODE_SIGN_STYLE = Automatic;
				CURRENT_PROJECT_VERSION = 1;
				GENERATE_INFOPLIST_FILE = YES;
				INFOPLIST_FILE = NewsExplorer/Info.plist;
				INFOPLIST_KEY_UIApplicationSupportsIndirectInputEvents = YES;
				INFOPLIST_KEY_UILaunchStoryboardName = LaunchScreen;
				INFOPLIST_KEY_UIMainStoryboardFile = Main;
				INFOPLIST_KEY_UISupportedInterfaceOrientations = UIInterfaceOrientationPortrait;
				INFOPLIST_KEY_UISupportedInterfaceOrientations_iPad = "UIInterfaceOrientationPortrait UIInterfaceOrientationPortraitUpsideDown UIInterfaceOrientationLandscapeLeft UIInterfaceOrientationLandscapeRight";
				INFOPLIST_KEY_UISupportedInterfaceOrientations_iPhone = "UIInterfaceOrientationPortrait UIInterfaceOrientationLandscapeLeft UIInterfaceOrientationLandscapeRight";
				IPHONEOS_DEPLOYMENT_TARGET = 15.0;
				LD_RUNPATH_SEARCH_PATHS = (
					"$(inherited)",
					"@executable_path/Frameworks",
				);
				MARKETING_VERSION = 1.0;
				PRODUCT_BUNDLE_IDENTIFIER = com.cartel.NewsExplorer;
				PRODUCT_NAME = "$(TARGET_NAME)";
				SWIFT_EMIT_LOC_STRINGS = YES;
				SWIFT_VERSION = 5.0;
				TARGETED_DEVICE_FAMILY = 1;
			};
			name = Release;
		};
/* End XCBuildConfiguration section */

/* Begin XCConfigurationList section */
		9C98759328EB3E1B0063BF30 /* Build configuration list for PBXProject "NewsExplorer" */ = {
			isa = XCConfigurationList;
			buildConfigurations = (
				9C9875AA28EB3E1C0063BF30 /* Debug */,
				9C9875AB28EB3E1C0063BF30 /* Release */,
			);
			defaultConfigurationIsVisible = 0;
			defaultConfigurationName = Release;
		};
		9C9875AC28EB3E1C0063BF30 /* Build configuration list for PBXNativeTarget "NewsExplorer" */ = {
			isa = XCConfigurationList;
			buildConfigurations = (
				9C9875AD28EB3E1C0063BF30 /* Debug */,
				9C9875AE28EB3E1C0063BF30 /* Release */,
			);
			defaultConfigurationIsVisible = 0;
			defaultConfigurationName = Release;
		};
/* End XCConfigurationList section */
	};
	rootObject = 9C98759028EB3E1B0063BF30 /* Project object */;
}
